
Microsoft Visual Studio Solution File, Format Version 12.00
# Visual Studio 15
VisualStudioVersion = 15.0.26124.0
MinimumVisualStudioVersion = 15.0.26124.0
project("{fae04ec0-301f-11d3-bf4b-00c04f79efbc}") = "WebApi", "WebApi\WebApi.csproj", "{dafe9b81-4ac2-404c-9106-4cc2bd8b0520}"
EndProject
Project("{FAE04EC0-301F-11D3-BF4B-00C04F79EFBC}") = "WebApi.Tests", "WebApi.Tests\WebApi.Tests.csproj", "{CBC71FFD-43B6-48BD-AE99-5559E10AA96A}"
EndProject
Project("{FAE04EC0-301F-11D3-BF4B-00C04F79EFBC}") = "PdfManager", "PdfManager\PdfManager.csproj", "{0A1592C9-F194-4A55-AD79-BB32DA9E34B0}"
EndProject
Project("{FAE04EC0-301F-11D3-BF4B-00C04F79EFBC}") = "PdfManager.Tests", "PdfManager.Tests\PdfManager.Tests.csproj", "{0507C7D6-F6E7-4BF0-87C9-5E24161D98A0}"
EndProject
Global
	GlobalSection(SolutionConfigurationPlatforms) = preSolution
		Debug|Any CPU = Debug|Any CPU
		Debug|x64 = Debug|x64
		Debug|x86 = Debug|x86
		Release|Any CPU = Release|Any CPU
		Release|x64 = Release|x64
		Release|x86 = Release|x86
	EndGlobalSection
	GlobalSection(SolutionProperties) = preSolution
		HideSolutionNode = FALSE
	EndGlobalSection
	GlobalSection(ProjectConfigurationPlatforms) = postSolution
		{DAFE9B81-4AC2-404C-9106-4CC2BD8B0520}.Debug|Any CPU.ActiveCfg = Debug|Any CPU
		{DAFE9B81-4AC2-404C-9106-4CC2BD8B0520}.Debug|Any CPU.Build.0 = Debug|Any CPU
		{DAFE9B81-4AC2-404C-9106-4CC2BD8B0520}.Debug|x64.ActiveCfg = Debug|x64
		{DAFE9B81-4AC2-404C-9106-4CC2BD8B0520}.Debug|x64.Build.0 = Debug|x64
		{DAFE9B81-4AC2-404C-9106-4CC2BD8B0520}.Debug|x86.ActiveCfg = Debug|x86
		{DAFE9B81-4AC2-404C-9106-4CC2BD8B0520}.Debug|x86.Build.0 = Debug|x86
		{DAFE9B81-4AC2-404C-9106-4CC2BD8B0520}.Release|Any CPU.ActiveCfg = Release|Any CPU
		{DAFE9B81-4AC2-404C-9106-4CC2BD8B0520}.Release|Any CPU.Build.0 = Release|Any CPU
		{DAFE9B81-4AC2-404C-9106-4CC2BD8B0520}.Release|x64.ActiveCfg = Release|x64
		{DAFE9B81-4AC2-404C-9106-4CC2BD8B0520}.Release|x64.Build.0 = Release|x64
		{DAFE9B81-4AC2-404C-9106-4CC2BD8B0520}.Release|x86.ActiveCfg = Release|x86
		{DAFE9B81-4AC2-404C-9106-4CC2BD8B0520}.Release|x86.Build.0 = Release|x86
		{CBC71FFD-43B6-48BD-AE99-5559E10AA96A}.Debug|Any CPU.ActiveCfg = Debug|Any CPU
		{CBC71FFD-43B6-48BD-AE99-5559E10AA96A}.Debug|Any CPU.Build.0 = Debug|Any CPU
		{CBC71FFD-43B6-48BD-AE99-5559E10AA96A}.Debug|x64.ActiveCfg = Debug|x64
		{CBC71FFD-43B6-48BD-AE99-5559E10AA96A}.Debug|x64.Build.0 = Debug|x64
		{CBC71FFD-43B6-48BD-AE99-5559E10AA96A}.Debug|x86.ActiveCfg = Debug|x86
		{CBC71FFD-43B6-48BD-AE99-5559E10AA96A}.Debug|x86.Build.0 = Debug|x86
		{CBC71FFD-43B6-48BD-AE99-5559E10AA96A}.Release|Any CPU.ActiveCfg = Release|Any CPU
		{CBC71FFD-43B6-48BD-AE99-5559E10AA96A}.Release|Any CPU.Build.0 = Release|Any CPU
		{CBC71FFD-43B6-48BD-AE99-5559E10AA96A}.Release|x64.ActiveCfg = Release|x64
		{CBC71FFD-43B6-48BD-AE99-5559E10AA96A}.Release|x64.Build.0 = Release|x64
		{CBC71FFD-43B6-48BD-AE99-5559E10AA96A}.Release|x86.ActiveCfg = Release|x86
		{CBC71FFD-43B6-48BD-AE99-5559E10AA96A}.Release|x86.Build.0 = Release|x86
		{0A1592C9-F194-4A55-AD79-BB32DA9E34B0}.Debug|Any CPU.ActiveCfg = Debug|Any CPU
		{0A1592C9-F194-4A55-AD79-BB32DA9E34B0}.Debug|Any CPU.Build.0 = Debug|Any CPU
		{0A1592C9-F194-4A55-AD79-BB32DA9E34B0}.Debug|x64.ActiveCfg = Debug|x64
		{0A1592C9-F194-4A55-AD79-BB32DA9E34B0}.Debug|x64.Build.0 = Debug|x64
		{0A1592C9-F194-4A55-AD79-BB32DA9E34B0}.Debug|x86.ActiveCfg = Debug|x86
		{0A1592C9-F194-4A55-AD79-BB32DA9E34B0}.Debug|x86.Build.0 = Debug|x86
		{0A1592C9-F194-4A55-AD79-BB32DA9E34B0}.Release|Any CPU.ActiveCfg = Release|Any CPU
		{0A1592C9-F194-4A55-AD79-BB32DA9E34B0}.Release|Any CPU.Build.0 = Release|Any CPU
		{0A1592C9-F194-4A55-AD79-BB32DA9E34B0}.Release|x64.ActiveCfg = Release|x64
		{0A1592C9-F194-4A55-AD79-BB32DA9E34B0}.Release|x64.Build.0 = Release|x64
		{0A1592C9-F194-4A55-AD79-BB32DA9E34B0}.Release|x86.ActiveCfg = Release|x86
		{0A1592C9-F194-4A55-AD79-BB32DA9E34B0}.Release|x86.Build.0 = Release|x86
		{0507C7D6-F6E7-4BF0-87C9-5E24161D98A0}.Debug|Any CPU.ActiveCfg = Debug|Any CPU
		{0507C7D6-F6E7-4BF0-87C9-5E24161D98A0}.Debug|Any CPU.Build.0 = Debug|Any CPU
		{0507C7D6-F6E7-4BF0-87C9-5E24161D98A0}.Debug|x64.ActiveCfg = Debug|x64
		{0507C7D6-F6E7-4BF0-87C9-5E24161D98A0}.Debug|x64.Build.0 = Debug|x64
		{0507C7D6-F6E7-4BF0-87C9-5E24161D98A0}.Debug|x86.ActiveCfg = Debug|x86
		{0507C7D6-F6E7-4BF0-87C9-5E24161D98A0}.Debug|x86.Build.0 = Debug|x86
		{0507C7D6-F6E7-4BF0-87C9-5E24161D98A0}.Release|Any CPU.ActiveCfg = Release|Any CPU
		{0507C7D6-F6E7-4BF0-87C9-5E24161D98A0}.Release|Any CPU.Build.0 = Release|Any CPU
		{0507C7D6-F6E7-4BF0-87C9-5E24161D98A0}.Release|x64.ActiveCfg = Release|x64
		{0507C7D6-F6E7-4BF0-87C9-5E24161D98A0}.Release|x64.Build.0 = Release|x64
		{0507C7D6-F6E7-4BF0-87C9-5E24161D98A0}.Release|x86.ActiveCfg = Release|x86
		{0507C7D6-F6E7-4BF0-87C9-5E24161D98A0}.Release|x86.Build.0 = Release|x86
	EndGlobalSection
EndGlobal
